{
  "name": "Professional Portfolio",
  "lockfileVersion": 2,
  "requires": true,
  "packages": {
    "": {
      "dependencies": {
        "typed.js": "^2.0.15"
      }
    },
    "node_modules/typed.js": {
      "version": "2.0.15",
      "resolved": "https://registry.npmjs.org/typed.js/-/typed.js-2.0.15.tgz",
      "integrity": "sha512-kQNtvm6+dEcUc5sdskEgV17rsdvimQNsDRHnp8PasBY85dYqVoo4TCanakSkfherMN+lZEko5ccMMKJpuR42Fw=="
    }
  },
  "dependencies": {
    "typed.js": {
      "version": "2.0.15",
      "resolved": "https://registry.npmjs.org/typed.js/-/typed.js-2.0.15.tgz",
      "integrity": "sha512-kQNtvm6+dEcUc5sdskEgV17rsdvimQNsDRHnp8PasBY85dYqVoo4TCanakSkfherMN+lZEko5ccMMKJpuR42Fw=="
    }
  }
}
